{
  "originHash" : "cf16052fef529867baee272c30e196e26ebcf256f339918b8c85e78327c299ca",
  "pins" : [
    {
      "identity" : "spearfoundation",
      "kind" : "remoteSourceControl",
      "location" : "https://github.com/kraigspear/Spearfoundation",
      "state" : {
        "revision" : "6c1f5a1fbd8da0700b88a45fd93b221517638e6e",
        "version" : "3.0.1"
      }
    }
  ],
  "version" : 3
}
